
Microsoft Visual Studio Solution File, Format Version 12.00
# Visual Studio Version 16
VisualStudioVersion = 16.0.31624.102
MinimumVisualStudioVersion = 10.0.40219.1
Project("{9A19103F-16F7-4668-BE54-9A1E7A4F7556}") = "Lab15OOP", "Lab15OOP\Lab15OOP.csproj", "{D82D2B6F-08FA-4FDB-8356-B905E354779C}"
EndProject
Project("{FAE04EC0-301F-11D3-BF4B-00C04F79EFBC}") = "Task2", "Task2\Task2.csproj", "{FAA886CD-03DA-428A-8647-31C1503745C8}"
EndProject
Global
	GlobalSection(SolutionConfigurationPlatforms) = preSolution
		Debug|Any CPU = Debug|Any CPU
		Release|Any CPU = Release|Any CPU
	EndGlobalSection
	GlobalSection(ProjectConfigurationPlatforms) = postSolution
		{D82D2B6F-08FA-4FDB-8356-B905E354779C}.Debug|Any CPU.ActiveCfg = Debug|Any CPU
		{D82D2B6F-08FA-4FDB-8356-B905E354779C}.Debug|Any CPU.Build.0 = Debug|Any CPU
		{D82D2B6F-08FA-4FDB-8356-B905E354779C}.Release|Any CPU.ActiveCfg = Release|Any CPU
		{D82D2B6F-08FA-4FDB-8356-B905E354779C}.Release|Any CPU.Build.0 = Release|Any CPU
		{FAA886CD-03DA-428A-8647-31C1503745C8}.Debug|Any CPU.ActiveCfg = Debug|Any CPU
		{FAA886CD-03DA-428A-8647-31C1503745C8}.Debug|Any CPU.Build.0 = Debug|Any CPU
		{FAA886CD-03DA-428A-8647-31C1503745C8}.Release|Any CPU.ActiveCfg = Release|Any CPU
		{FAA886CD-03DA-428A-8647-31C1503745C8}.Release|Any CPU.Build.0 = Release|Any CPU
	EndGlobalSection
	GlobalSection(SolutionProperties) = preSolution
		HideSolutionNode = FALSE
	EndGlobalSection
	GlobalSection(ExtensibilityGlobals) = postSolution
		SolutionGuid = {1427C65C-C269-42F6-A126-F3AA1F65AE58}
	EndGlobalSection
EndGlobal
